
Microsoft Visual Studio Solution File, Format Version 12.00
# Visual Studio 15
VisualStudioVersion = 15.0.27130.2024
MinimumVisualStudioVersion = 10.0.40219.1
Project("{9A19103F-16F7-4668-BE54-9A1E7A4F7556}") = "SpyStore_HOL.MVC", "SpyStore_HOL.MVC\SpyStore_HOL.MVC.csproj", "{77F293A9-A875-4DF7-AB8D-69C4E02E36B4}"
EndProject
Project("{9A19103F-16F7-4668-BE54-9A1E7A4F7556}") = "SpyStore_HOL.Models", "SpyStore_HOL.Models\SpyStore_HOL.Models.csproj", "{03D19A0B-045A-445F-8E15-E7065DDE339C}"
EndProject
Project("{9A19103F-16F7-4668-BE54-9A1E7A4F7556}") = "SpyStore_HOL.DAL", "SpyStore_HOL.DAL\SpyStore_HOL.DAL.csproj", "{E0510444-D838-45CA-8274-D47ED69D92FE}"
EndProject
Project("{9A19103F-16F7-4668-BE54-9A1E7A4F7556}") = "SpyStore_HOL.Tests", "SpyStore_HOL.Tests\SpyStore_HOL.Tests.csproj", "{5F9A405E-9295-4EAC-B079-4C2694A68A4E}"
EndProject
Project("{2150E333-8FDC-42A3-9474-1A3956D46DE8}") = "SolutionItems", "SolutionItems", "{7AE7AFC9-0C76-4180-B452-2E6465450C52}"
	ProjectSection(SolutionItems) = preProject
		Migrations.txt = Migrations.txt
	EndProjectSection
EndProject
Project("{FAE04EC0-301F-11D3-BF4B-00C04F79EFBC}") = "WebApplication1", "WebApplication1\WebApplication1.csproj", "{529C0862-9F10-473A-B320-2402794BBBE4}"
EndProject
Global
	GlobalSection(SolutionConfigurationPlatforms) = preSolution
		Debug|Any CPU = Debug|Any CPU
		Release|Any CPU = Release|Any CPU
	EndGlobalSection
	GlobalSection(ProjectConfigurationPlatforms) = postSolution
		{77F293A9-A875-4DF7-AB8D-69C4E02E36B4}.Debug|Any CPU.ActiveCfg = Debug|Any CPU
		{77F293A9-A875-4DF7-AB8D-69C4E02E36B4}.Debug|Any CPU.Build.0 = Debug|Any CPU
		{77F293A9-A875-4DF7-AB8D-69C4E02E36B4}.Release|Any CPU.ActiveCfg = Release|Any CPU
		{77F293A9-A875-4DF7-AB8D-69C4E02E36B4}.Release|Any CPU.Build.0 = Release|Any CPU
		{03D19A0B-045A-445F-8E15-E7065DDE339C}.Debug|Any CPU.ActiveCfg = Debug|Any CPU
		{03D19A0B-045A-445F-8E15-E7065DDE339C}.Debug|Any CPU.Build.0 = Debug|Any CPU
		{03D19A0B-045A-445F-8E15-E7065DDE339C}.Release|Any CPU.ActiveCfg = Release|Any CPU
		{03D19A0B-045A-445F-8E15-E7065DDE339C}.Release|Any CPU.Build.0 = Release|Any CPU
		{E0510444-D838-45CA-8274-D47ED69D92FE}.Debug|Any CPU.ActiveCfg = Debug|Any CPU
		{E0510444-D838-45CA-8274-D47ED69D92FE}.Debug|Any CPU.Build.0 = Debug|Any CPU
		{E0510444-D838-45CA-8274-D47ED69D92FE}.Release|Any CPU.ActiveCfg = Release|Any CPU
		{E0510444-D838-45CA-8274-D47ED69D92FE}.Release|Any CPU.Build.0 = Release|Any CPU
		{5F9A405E-9295-4EAC-B079-4C2694A68A4E}.Debug|Any CPU.ActiveCfg = Debug|Any CPU
		{5F9A405E-9295-4EAC-B079-4C2694A68A4E}.Debug|Any CPU.Build.0 = Debug|Any CPU
		{5F9A405E-9295-4EAC-B079-4C2694A68A4E}.Release|Any CPU.ActiveCfg = Release|Any CPU
		{5F9A405E-9295-4EAC-B079-4C2694A68A4E}.Release|Any CPU.Build.0 = Release|Any CPU
		{529C0862-9F10-473A-B320-2402794BBBE4}.Debug|Any CPU.ActiveCfg = Debug|Any CPU
		{529C0862-9F10-473A-B320-2402794BBBE4}.Debug|Any CPU.Build.0 = Debug|Any CPU
		{529C0862-9F10-473A-B320-2402794BBBE4}.Release|Any CPU.ActiveCfg = Release|Any CPU
		{529C0862-9F10-473A-B320-2402794BBBE4}.Release|Any CPU.Build.0 = Release|Any CPU
	EndGlobalSection
	GlobalSection(SolutionProperties) = preSolution
		HideSolutionNode = FALSE
	EndGlobalSection
	GlobalSection(ExtensibilityGlobals) = postSolution
		SolutionGuid = {06AEA226-CA62-416B-8D93-8E897228529E}
	EndGlobalSection
EndGlobal
